// !$*UTF8*$!
{
	archiveVersion = 1;
	classes = {
	};
	objectVersion = 50;
	objects = {

/* Begin PBXBuildFile section */
		EFF89B922452D47400A9276F /* main.cpp in Sources */ = {isa = PBXBuildFile; fileRef = EFF89B912452D47400A9276F /* main.cpp */; };
		EFF89B9E2452D4DF00A9276F /* function.cpp in Sources */ = {isa = PBXBuildFile; fileRef = EFF89B9D2452D4DF00A9276F /* function.cpp */; };
/* End PBXBuildFile section */

/* Begin PBXCopyFilesBuildPhase section */
		EFF89B8C2452D47400A9276F /* CopyFiles */ = {
			isa = PBXCopyFilesBuildPhase;
			buildActionMask = 2147483647;
			dstPath = /usr/share/man/man1/;
			dstSubfolderSpec = 0;
			files = (
			);
			runOnlyForDeploymentPostprocessing = 1;
		};
/* End PBXCopyFilesBuildPhase section */

/* Begin PBXFileReference section */
		EFF89B8E2452D47400A9276F /* ProjectCs162 */ = {isa = PBXFileReference; explicitFileType = "compiled.mach-o.executable"; includeInIndex = 0; path = ProjectCs162; sourceTree = BUILT_PRODUCTS_DIR; };
		EFF89B912452D47400A9276F /* main.cpp */ = {isa = PBXFileReference; lastKnownFileType = sourcecode.cpp.cpp; path = main.cpp; sourceTree = "<group>"; };
		EFF89B982452D48700A9276F /* class.h */ = {isa = PBXFileReference; lastKnownFileType = sourcecode.c.h; path = class.h; sourceTree = "<group>"; };
		EFF89B992452D49800A9276F /* student.h */ = {isa = PBXFileReference; lastKnownFileType = sourcecode.c.h; path = student.h; sourceTree = "<group>"; };
		EFF89B9A2452D4A300A9276F /* course.h */ = {isa = PBXFileReference; lastKnownFileType = sourcecode.c.h; path = course.h; sourceTree = "<group>"; };
		EFF89B9B2452D4AF00A9276F /* lecturer.h */ = {isa = PBXFileReference; lastKnownFileType = sourcecode.c.h; path = lecturer.h; sourceTree = "<group>"; };
		EFF89B9C2452D4CB00A9276F /* include.h */ = {isa = PBXFileReference; lastKnownFileType = sourcecode.c.h; path = include.h; sourceTree = "<group>"; };
		EFF89B9D2452D4DF00A9276F /* function.cpp */ = {isa = PBXFileReference; lastKnownFileType = sourcecode.cpp.cpp; path = function.cpp; sourceTree = "<group>"; };
/* End PBXFileReference section */

/* Begin PBXFrameworksBuildPhase section */
		EFF89B8B2452D47400A9276F /* Frameworks */ = {
			isa = PBXFrameworksBuildPhase;
			buildActionMask = 2147483647;
			files = (
			);
			runOnlyForDeploymentPostprocessing = 0;
		};
/* End PBXFrameworksBuildPhase section */

/* Begin PBXGroup section */
		EFF89B852452D47400A9276F = {
			isa = PBXGroup;
			children = (
				EFF89B902452D47400A9276F /* ProjectCs162 */,
				EFF89B8F2452D47400A9276F /* Products */,
			);
			sourceTree = "<group>";
		};
		EFF89B8F2452D47400A9276F /* Products */ = {
			isa = PBXGroup;
			children = (
				EFF89B8E2452D47400A9276F /* ProjectCs162 */,
			);
			name = Products;
			sourceTree = "<group>";
		};
		EFF89B902452D47400A9276F /* ProjectCs162 */ = {
			isa = PBXGroup;
			children = (
				EFF89B912452D47400A9276F /* main.cpp */,
				EFF89B982452D48700A9276F /* class.h */,
				EFF89B992452D49800A9276F /* student.h */,
				EFF89B9A2452D4A300A9276F /* course.h */,
				EFF89B9B2452D4AF00A9276F /* lecturer.h */,
				EFF89B9C2452D4CB00A9276F /* include.h */,
				EFF89B9D2452D4DF00A9276F /* function.cpp */,
			);
			path = ProjectCs162;
			sourceTree = "<group>";
		};
/* End PBXGroup section */

/* Begin PBXNativeTarget section */
		EFF89B8D2452D47400A9276F /* ProjectCs162 */ = {
			isa = PBXNativeTarget;
			buildConfigurationList = EFF89B952452D47400A9276F /* Build configuration list for PBXNativeTarget "ProjectCs162" */;
			buildPhases = (
				EFF89B8A2452D47400A9276F /* Sources */,
				EFF89B8B2452D47400A9276F /* Frameworks */,
				EFF89B8C2452D47400A9276F /* CopyFiles */,
			);
			buildRules = (
			);
			dependencies = (
			);
			name = ProjectCs162;
			productName = ProjectCs162;
			productReference = EFF89B8E2452D47400A9276F /* ProjectCs162 */;
			productType = "com.apple.product-type.tool";
		};
/* End PBXNativeTarget section */

/* Begin PBXProject section */
		EFF89B862452D47400A9276F /* Project object */ = {
			isa = PBXProject;
			attributes = {
				LastUpgradeCheck = 1120;
				ORGANIZATIONNAME = "Nguyễn Đình Khánh";
				TargetAttributes = {
					EFF89B8D2452D47400A9276F = {
						CreatedOnToolsVersion = 11.2.1;
					};
				};
			};
			buildConfigurationList = EFF89B892452D47400A9276F /* Build configuration list for PBXProject "ProjectCs162" */;
			compatibilityVersion = "Xcode 9.3";
			developmentRegion = en;
			hasScannedForEncodings = 0;
			knownRegions = (
				en,
				Base,
			);
			mainGroup = EFF89B852452D47400A9276F;
			productRefGroup = EFF89B8F2452D47400A9276F /* Products */;
			projectDirPath = "";
			projectRoot = "";
			targets = (
				EFF89B8D2452D47400A9276F /* ProjectCs162 */,
			);
		};
/* End PBXProject section */

/* Begin PBXSourcesBuildPhase section */
		EFF89B8A2452D47400A9276F /* Sources */ = {
			isa = PBXSourcesBuildPhase;
			buildActionMask = 2147483647;
			files = (
				EFF89B922452D47400A9276F /* main.cpp in Sources */,
				EFF89B9E2452D4DF00A9276F /* function.cpp in Sources */,
			);
			runOnlyForDeploymentPostprocessing = 0;
		};
/* End PBXSourcesBuildPhase section */

/* Begin XCBuildConfiguration section */
		EFF89B932452D47400A9276F /* Debug */ = {
			isa = XCBuildConfiguration;
			buildSettings = {
				ALWAYS_SEARCH_USER_PATHS = NO;
				CLANG_ANALYZER_NONNULL = YES;
				CLANG_ANALYZER_NUMBER_OBJECT_CONVERSION = YES_AGGRESSIVE;
				CLANG_CXX_LANGUAGE_STANDARD = "gnu++14";
				CLANG_CXX_LIBRARY = "libc++";
				CLANG_ENABLE_MODULES = YES;
				CLANG_ENABLE_OBJC_ARC = YES;
				CLANG_ENABLE_OBJC_WEAK = YES;
				CLANG_WARN_BLOCK_CAPTURE_AUTORELEASING = YES;
				CLANG_WARN_BOOL_CONVERSION = YES;
				CLANG_WARN_COMMA = YES;
				CLANG_WARN_CONSTANT_CONVERSION = YES;
				CLANG_WARN_DEPRECATED_OBJC_IMPLEMENTATIONS = YES;
				CLANG_WARN_DIRECT_OBJC_ISA_USAGE = YES_ERROR;
				CLANG_WARN_DOCUMENTATION_COMMENTS = YES;
				CLANG_WARN_EMPTY_BODY = YES;
				CLANG_WARN_ENUM_CONVERSION = YES;
				CLANG_WARN_INFINITE_RECURSION = YES;
				CLANG_WARN_INT_CONVERSION = YES;
				CLANG_WARN_NON_LITERAL_NULL_CONVERSION = YES;
				CLANG_WARN_OBJC_IMPLICIT_RETAIN_SELF = YES;
				CLANG_WARN_OBJC_LITERAL_CONVERSION = YES;
				CLANG_WARN_OBJC_ROOT_CLASS = YES_ERROR;
				CLANG_WARN_RANGE_LOOP_ANALYSIS = YES;
				CLANG_WARN_STRICT_PROTOTYPES = YES;
				CLANG_WARN_SUSPICIOUS_MOVE = YES;
				CLANG_WARN_UNGUARDED_AVAILABILITY = YES_AGGRESSIVE;
				CLANG_WARN_UNREACHABLE_CODE = YES;
				CLANG_WARN__DUPLICATE_METHOD_MATCH = YES;
				COPY_PHASE_STRIP = NO;
				DEBUG_INFORMATION_FORMAT = dwarf;
				ENABLE_STRICT_OBJC_MSGSEND = YES;
				ENABLE_TESTABILITY = YES;
				GCC_C_LANGUAGE_STANDARD = gnu11;
				GCC_DYNAMIC_NO_PIC = NO;
				GCC_NO_COMMON_BLOCKS = YES;
				GCC_OPTIMIZATION_LEVEL = 0;
				GCC_PREPROCESSOR_DEFINITIONS = (
					"DEBUG=1",
					"$(inherited)",
				);
				GCC_WARN_64_TO_32_BIT_CONVERSION = YES;
				GCC_WARN_ABOUT_RETURN_TYPE = YES_ERROR;
				GCC_WARN_UNDECLARED_SELECTOR = YES;
				GCC_WARN_UNINITIALIZED_AUTOS = YES_AGGRESSIVE;
				GCC_WARN_UNUSED_FUNCTION = YES;
				GCC_WARN_UNUSED_VARIABLE = YES;
				MACOSX_DEPLOYMENT_TARGET = 10.15;
				MTL_ENABLE_DEBUG_INFO = INCLUDE_SOURCE;
				MTL_FAST_MATH = YES;
				ONLY_ACTIVE_ARCH = YES;
				SDKROOT = macosx;
			};
			name = Debug;
		};
		EFF89B942452D47400A9276F /* Release */ = {
			isa = XCBuildConfiguration;
			buildSettings = {
				ALWAYS_SEARCH_USER_PATHS = NO;
				CLANG_ANALYZER_NONNULL = YES;
				CLANG_ANALYZER_NUMBER_OBJECT_CONVERSION = YES_AGGRESSIVE;
				CLANG_CXX_LANGUAGE_STANDARD = "gnu++14";
				CLANG_CXX_LIBRARY = "libc++";
				CLANG_ENABLE_MODULES = YES;
				CLANG_ENABLE_OBJC_ARC = YES;
				CLANG_ENABLE_OBJC_WEAK = YES;
				CLANG_WARN_BLOCK_CAPTURE_AUTORELEASING = YES;
				CLANG_WARN_BOOL_CONVERSION = YES;
				CLANG_WARN_COMMA = YES;
				CLANG_WARN_CONSTANT_CONVERSION = YES;
				CLANG_WARN_DEPRECATED_OBJC_IMPLEMENTATIONS = YES;
				CLANG_WARN_DIRECT_OBJC_ISA_USAGE = YES_ERROR;
				CLANG_WARN_DOCUMENTATION_COMMENTS = YES;
				CLANG_WARN_EMPTY_BODY = YES;
				CLANG_WARN_ENUM_CONVERSION = YES;
				CLANG_WARN_INFINITE_RECURSION = YES;
				CLANG_WARN_INT_CONVERSION = YES;
				CLANG_WARN_NON_LITERAL_NULL_CONVERSION = YES;
				CLANG_WARN_OBJC_IMPLICIT_RETAIN_SELF = YES;
				CLANG_WARN_OBJC_LITERAL_CONVERSION = YES;
				CLANG_WARN_OBJC_ROOT_CLASS = YES_ERROR;
				CLANG_WARN_RANGE_LOOP_ANALYSIS = YES;
				CLANG_WARN_STRICT_PROTOTYPES = YES;
				CLANG_WARN_SUSPICIOUS_MOVE = YES;
				CLANG_WARN_UNGUARDED_AVAILABILITY = YES_AGGRESSIVE;
				CLANG_WARN_UNREACHABLE_CODE = YES;
				CLANG_WARN__DUPLICATE_METHOD_MATCH = YES;
				COPY_PHASE_STRIP = NO;
				DEBUG_INFORMATION_FORMAT = "dwarf-with-dsym";
				ENABLE_NS_ASSERTIONS = NO;
				ENABLE_STRICT_OBJC_MSGSEND = YES;
				GCC_C_LANGUAGE_STANDARD = gnu11;
				GCC_NO_COMMON_BLOCKS = YES;
				GCC_WARN_64_TO_32_BIT_CONVERSION = YES;
				GCC_WARN_ABOUT_RETURN_TYPE = YES_ERROR;
				GCC_WARN_UNDECLARED_SELECTOR = YES;
				GCC_WARN_UNINITIALIZED_AUTOS = YES_AGGRESSIVE;
				GCC_WARN_UNUSED_FUNCTION = YES;
				GCC_WARN_UNUSED_VARIABLE = YES;
				MACOSX_DEPLOYMENT_TARGET = 10.15;
				MTL_ENABLE_DEBUG_INFO = NO;
				MTL_FAST_MATH = YES;
				SDKROOT = macosx;
			};
			name = Release;
		};
		EFF89B962452D47400A9276F /* Debug */ = {
			isa = XCBuildConfiguration;
			buildSettings = {
				CODE_SIGN_STYLE = Automatic;
				PRODUCT_NAME = "$(TARGET_NAME)";
			};
			name = Debug;
		};
		EFF89B972452D47400A9276F /* Release */ = {
			isa = XCBuildConfiguration;
			buildSettings = {
				CODE_SIGN_STYLE = Automatic;
				PRODUCT_NAME = "$(TARGET_NAME)";
			};
			name = Release;
		};
/* End XCBuildConfiguration section */

/* Begin XCConfigurationList section */
		EFF89B892452D47400A9276F /* Build configuration list for PBXProject "ProjectCs162" */ = {
			isa = XCConfigurationList;
			buildConfigurations = (
				EFF89B932452D47400A9276F /* Debug */,
				EFF89B942452D47400A9276F /* Release */,
			);
			defaultConfigurationIsVisible = 0;
			defaultConfigurationName = Release;
		};
		EFF89B952452D47400A9276F /* Build configuration list for PBXNativeTarget "ProjectCs162" */ = {
			isa = XCConfigurationList;
			buildConfigurations = (
				EFF89B962452D47400A9276F /* Debug */,
				EFF89B972452D47400A9276F /* Release */,
			);
			defaultConfigurationIsVisible = 0;
			defaultConfigurationName = Release;
		};
/* End XCConfigurationList section */
	};
	rootObject = EFF89B862452D47400A9276F /* Project object */;
}
